{
  "requires": true,
  "lockfileVersion": 1,
  "dependencies": {
    "ts-sum-types": {
      "version": "0.2.1",
      "resolved": "https://registry.npmjs.org/ts-sum-types/-/ts-sum-types-0.2.1.tgz",
      "integrity": "sha512-gqEJ2J9Z1fKHupXZDPq/Yt5Go+AAgnvHBI4BE5XMx9dtEbixA/icYWS2NWxqN3tMv9ZhoEW8o/aZQF2pQTJPvw=="
    },
    "typescript": {
      "version": "3.5.1",
      "resolved": "https://registry.npmjs.org/typescript/-/typescript-3.5.1.tgz",
      "integrity": "sha512-64HkdiRv1yYZsSe4xC1WVgamNigVYjlssIoaH2HcZF0+ijsk5YK2g0G34w9wJkze8+5ow4STd22AynfO6ZYYLw==",
      "dev": true
    }
  }
}
