{
  "requires": true,
  "lockfileVersion": 1,
  "dependencies": {
    "ts-sum-types": {
      "version": "0.1.1",
      "resolved": "https://registry.npmjs.org/ts-sum-types/-/ts-sum-types-0.1.1.tgz",
      "integrity": "sha512-rbjzglvcsbroOM/EdpohngCUJWnQp2TFHZC/fY8ZPgdck4eI7AlKXv8ZohgI/g7MwPlPkglb0qrTaRzXwKO+2Q=="
    },
    "typescript": {
      "version": "3.5.1",
      "resolved": "https://registry.npmjs.org/typescript/-/typescript-3.5.1.tgz",
      "integrity": "sha512-64HkdiRv1yYZsSe4xC1WVgamNigVYjlssIoaH2HcZF0+ijsk5YK2g0G34w9wJkze8+5ow4STd22AynfO6ZYYLw==",
      "dev": true
    }
  }
}
